../../ngs_test_data/data/germlineVar/HC/perSample/HG001_N/HG001_N.HC.raw.vcf.gz
../../ngs_test_data/data/germlineVar/HC/perSample/HG001_N1/HG001_N1.HC.raw.vcf.gz
../../ngs_test_data/data/germlineVar/HC/perSample/HG001_N/HG001_N.HC.SNV.passh.vcf.gz
../../ngs_test_data/data/germlineVar/HC/perSample/HG001_N/HG001_N.HC.INDEL.passh.vcf.gz
../../ngs_test_data/data/germlineVar/HC/perSample/HG001_N1/HG001_N1.HC.SNV.passh.vcf.gz
../../ngs_test_data/data/germlineVar/HC/perSample/HG001_N1/HG001_N1.HC.INDEL.passh.vcf.gz
../../ngs_test_data/data/germlineVar/HC/jointCall/jointCall/preTest.HC.raw.vcf.gz
../../ngs_test_data/data/germlineVar/HC/jointCall/jointCall/preTest.HC.SNV.passh.vcf.gz
../../ngs_test_data/data/germlineVar/HC/jointCall/jointCall/preTest.HC.INDEL.passh.vcf.gz
../../ngs_test_data/data/germlineVar/HC/perContig/HG001_N/HG001_N.chr1.vcf.gz
../../ngs_test_data/data/germlineVar/HC/perContig/HG001_N/HG001_N.chr2.vcf.gz
../../ngs_test_data/data/germlineVar/HC/perContig/HG001_N/HG001_N.chr3.vcf.gz
../../ngs_test_data/data/germlineVar/HC/perContig/HG001_N/HG001_N.chr4.vcf.gz
../../ngs_test_data/data/germlineVar/HC/perContig/HG001_N/HG001_N.chr5.vcf.gz
../../ngs_test_data/data/germlineVar/HC/perContig/HG001_N/HG001_N.chr6.vcf.gz
../../ngs_test_data/data/germlineVar/HC/perContig/HG001_N/HG001_N.chr7.vcf.gz
../../ngs_test_data/data/germlineVar/HC/perContig/HG001_N/HG001_N.chr8.vcf.gz
../../ngs_test_data/data/germlineVar/HC/perContig/HG001_N/HG001_N.chr9.vcf.gz
../../ngs_test_data/data/germlineVar/HC/perContig/HG001_N/HG001_N.chr10.vcf.gz
../../ngs_test_data/data/germlineVar/HC/perContig/HG001_N/HG001_N.chr11.vcf.gz
../../ngs_test_data/data/germlineVar/HC/perContig/HG001_N/HG001_N.chr12.vcf.gz
../../ngs_test_data/data/germlineVar/HC/perContig/HG001_N/HG001_N.chr13.vcf.gz
../../ngs_test_data/data/germlineVar/HC/perContig/HG001_N/HG001_N.chr14.vcf.gz
../../ngs_test_data/data/germlineVar/HC/perContig/HG001_N/HG001_N.chr15.vcf.gz
../../ngs_test_data/data/germlineVar/HC/perContig/HG001_N/HG001_N.chr16.vcf.gz
../../ngs_test_data/data/germlineVar/HC/perContig/HG001_N/HG001_N.chr17.vcf.gz
../../ngs_test_data/data/germlineVar/HC/perContig/HG001_N/HG001_N.chr18.vcf.gz
../../ngs_test_data/data/germlineVar/HC/perContig/HG001_N/HG001_N.chr19.vcf.gz
../../ngs_test_data/data/germlineVar/HC/perContig/HG001_N/HG001_N.chr20.vcf.gz
../../ngs_test_data/data/germlineVar/HC/perContig/HG001_N/HG001_N.chr21.vcf.gz
../../ngs_test_data/data/germlineVar/HC/perContig/HG001_N/HG001_N.chr22.vcf.gz
../../ngs_test_data/data/germlineVar/HC/perContig/HG001_N/HG001_N.chrX.vcf.gz
../../ngs_test_data/data/germlineVar/HC/perContig/HG001_N/HG001_N.chrY.vcf.gz
../../ngs_test_data/data/germlineVar/HC/perContig/HG001_N/HG001_N.chrM.vcf.gz
../../ngs_test_data/data/germlineVar/HC/perContig/HG001_N1/HG001_N1.chr1.vcf.gz
../../ngs_test_data/data/germlineVar/HC/perContig/HG001_N1/HG001_N1.chr2.vcf.gz
../../ngs_test_data/data/germlineVar/HC/perContig/HG001_N1/HG001_N1.chr3.vcf.gz
../../ngs_test_data/data/germlineVar/HC/perContig/HG001_N1/HG001_N1.chr4.vcf.gz
../../ngs_test_data/data/germlineVar/HC/perContig/HG001_N1/HG001_N1.chr5.vcf.gz
../../ngs_test_data/data/germlineVar/HC/perContig/HG001_N1/HG001_N1.chr6.vcf.gz
../../ngs_test_data/data/germlineVar/HC/perContig/HG001_N1/HG001_N1.chr7.vcf.gz
../../ngs_test_data/data/germlineVar/HC/perContig/HG001_N1/HG001_N1.chr8.vcf.gz
../../ngs_test_data/data/germlineVar/HC/perContig/HG001_N1/HG001_N1.chr9.vcf.gz
../../ngs_test_data/data/germlineVar/HC/perContig/HG001_N1/HG001_N1.chr10.vcf.gz
../../ngs_test_data/data/germlineVar/HC/perContig/HG001_N1/HG001_N1.chr11.vcf.gz
../../ngs_test_data/data/germlineVar/HC/perContig/HG001_N1/HG001_N1.chr12.vcf.gz
../../ngs_test_data/data/germlineVar/HC/perContig/HG001_N1/HG001_N1.chr13.vcf.gz
../../ngs_test_data/data/germlineVar/HC/perContig/HG001_N1/HG001_N1.chr14.vcf.gz
../../ngs_test_data/data/germlineVar/HC/perContig/HG001_N1/HG001_N1.chr15.vcf.gz
../../ngs_test_data/data/germlineVar/HC/perContig/HG001_N1/HG001_N1.chr16.vcf.gz
../../ngs_test_data/data/germlineVar/HC/perContig/HG001_N1/HG001_N1.chr17.vcf.gz
../../ngs_test_data/data/germlineVar/HC/perContig/HG001_N1/HG001_N1.chr18.vcf.gz
../../ngs_test_data/data/germlineVar/HC/perContig/HG001_N1/HG001_N1.chr19.vcf.gz
../../ngs_test_data/data/germlineVar/HC/perContig/HG001_N1/HG001_N1.chr20.vcf.gz
../../ngs_test_data/data/germlineVar/HC/perContig/HG001_N1/HG001_N1.chr21.vcf.gz
../../ngs_test_data/data/germlineVar/HC/perContig/HG001_N1/HG001_N1.chr22.vcf.gz
../../ngs_test_data/data/germlineVar/HC/perContig/HG001_N1/HG001_N1.chrX.vcf.gz
../../ngs_test_data/data/germlineVar/HC/perContig/HG001_N1/HG001_N1.chrY.vcf.gz
../../ngs_test_data/data/germlineVar/HC/perContig/HG001_N1/HG001_N1.chrM.vcf.gz
../../ngs_test_data/data/germlineVar/HC/jointCall/jointCall/preTest.HC.SNV.vcf.gz
../../ngs_test_data/data/germlineVar/HC/jointCall/perContig/chr1.vcf.gz
../../ngs_test_data/data/germlineVar/HC/jointCall/perContig/chr2.vcf.gz
../../ngs_test_data/data/germlineVar/HC/jointCall/perContig/chr3.vcf.gz
../../ngs_test_data/data/germlineVar/HC/jointCall/perContig/chr4.vcf.gz
../../ngs_test_data/data/germlineVar/HC/jointCall/perContig/chr5.vcf.gz
../../ngs_test_data/data/germlineVar/HC/jointCall/perContig/chr6.vcf.gz
../../ngs_test_data/data/germlineVar/HC/jointCall/perContig/chr7.vcf.gz
../../ngs_test_data/data/germlineVar/HC/jointCall/perContig/chr8.vcf.gz
../../ngs_test_data/data/germlineVar/HC/jointCall/perContig/chr9.vcf.gz
../../ngs_test_data/data/germlineVar/HC/jointCall/perContig/chr10.vcf.gz
../../ngs_test_data/data/germlineVar/HC/jointCall/perContig/chr11.vcf.gz
../../ngs_test_data/data/germlineVar/HC/jointCall/perContig/chr12.vcf.gz
../../ngs_test_data/data/germlineVar/HC/jointCall/perContig/chr13.vcf.gz
../../ngs_test_data/data/germlineVar/HC/jointCall/perContig/chr14.vcf.gz
../../ngs_test_data/data/germlineVar/HC/jointCall/perContig/chr15.vcf.gz
../../ngs_test_data/data/germlineVar/HC/jointCall/perContig/chr16.vcf.gz
../../ngs_test_data/data/germlineVar/HC/jointCall/perContig/chr17.vcf.gz
../../ngs_test_data/data/germlineVar/HC/jointCall/perContig/chr18.vcf.gz
../../ngs_test_data/data/germlineVar/HC/jointCall/perContig/chr19.vcf.gz
../../ngs_test_data/data/germlineVar/HC/jointCall/perContig/chr20.vcf.gz
../../ngs_test_data/data/germlineVar/HC/jointCall/perContig/chr21.vcf.gz
../../ngs_test_data/data/germlineVar/HC/jointCall/perContig/chr22.vcf.gz
../../ngs_test_data/data/germlineVar/HC/jointCall/perContig/chrX.vcf.gz
../../ngs_test_data/data/germlineVar/HC/jointCall/perContig/chrY.vcf.gz
../../ngs_test_data/data/germlineVar/HC/jointCall/perContig/chrM.vcf.gz
../../ngs_test_data/data/germlineVar/HC/perContig/HG001_N/HG001_N.chr1.g.vcf.gz
../../ngs_test_data/data/germlineVar/HC/perContig/HG001_N/HG001_N.chr2.g.vcf.gz
../../ngs_test_data/data/germlineVar/HC/perContig/HG001_N/HG001_N.chr3.g.vcf.gz
../../ngs_test_data/data/germlineVar/HC/perContig/HG001_N/HG001_N.chr4.g.vcf.gz
../../ngs_test_data/data/germlineVar/HC/perContig/HG001_N/HG001_N.chr5.g.vcf.gz
../../ngs_test_data/data/germlineVar/HC/perContig/HG001_N/HG001_N.chr6.g.vcf.gz
../../ngs_test_data/data/germlineVar/HC/perContig/HG001_N/HG001_N.chr7.g.vcf.gz
../../ngs_test_data/data/germlineVar/HC/perContig/HG001_N/HG001_N.chr8.g.vcf.gz
../../ngs_test_data/data/germlineVar/HC/perContig/HG001_N/HG001_N.chr9.g.vcf.gz
../../ngs_test_data/data/germlineVar/HC/perContig/HG001_N/HG001_N.chr10.g.vcf.gz
../../ngs_test_data/data/germlineVar/HC/perContig/HG001_N/HG001_N.chr11.g.vcf.gz
../../ngs_test_data/data/germlineVar/HC/perContig/HG001_N/HG001_N.chr12.g.vcf.gz
../../ngs_test_data/data/germlineVar/HC/perContig/HG001_N/HG001_N.chr13.g.vcf.gz
../../ngs_test_data/data/germlineVar/HC/perContig/HG001_N/HG001_N.chr14.g.vcf.gz
../../ngs_test_data/data/germlineVar/HC/perContig/HG001_N/HG001_N.chr15.g.vcf.gz
../../ngs_test_data/data/germlineVar/HC/perContig/HG001_N/HG001_N.chr16.g.vcf.gz
../../ngs_test_data/data/germlineVar/HC/perContig/HG001_N/HG001_N.chr17.g.vcf.gz
../../ngs_test_data/data/germlineVar/HC/perContig/HG001_N/HG001_N.chr18.g.vcf.gz
../../ngs_test_data/data/germlineVar/HC/perContig/HG001_N/HG001_N.chr19.g.vcf.gz
../../ngs_test_data/data/germlineVar/HC/perContig/HG001_N/HG001_N.chr20.g.vcf.gz
../../ngs_test_data/data/germlineVar/HC/perContig/HG001_N/HG001_N.chr21.g.vcf.gz
../../ngs_test_data/data/germlineVar/HC/perContig/HG001_N/HG001_N.chr22.g.vcf.gz
../../ngs_test_data/data/germlineVar/HC/perContig/HG001_N/HG001_N.chrX.g.vcf.gz
../../ngs_test_data/data/germlineVar/HC/perContig/HG001_N/HG001_N.chrY.g.vcf.gz
../../ngs_test_data/data/germlineVar/HC/perContig/HG001_N/HG001_N.chrM.g.vcf.gz
../../ngs_test_data/data/germlineVar/HC/perContig/HG001_N1/HG001_N1.chr1.g.vcf.gz
../../ngs_test_data/data/germlineVar/HC/perContig/HG001_N1/HG001_N1.chr2.g.vcf.gz
../../ngs_test_data/data/germlineVar/HC/perContig/HG001_N1/HG001_N1.chr3.g.vcf.gz
../../ngs_test_data/data/germlineVar/HC/perContig/HG001_N1/HG001_N1.chr4.g.vcf.gz
../../ngs_test_data/data/germlineVar/HC/perContig/HG001_N1/HG001_N1.chr5.g.vcf.gz
../../ngs_test_data/data/germlineVar/HC/perContig/HG001_N1/HG001_N1.chr6.g.vcf.gz
../../ngs_test_data/data/germlineVar/HC/perContig/HG001_N1/HG001_N1.chr7.g.vcf.gz
../../ngs_test_data/data/germlineVar/HC/perContig/HG001_N1/HG001_N1.chr8.g.vcf.gz
../../ngs_test_data/data/germlineVar/HC/perContig/HG001_N1/HG001_N1.chr9.g.vcf.gz
../../ngs_test_data/data/germlineVar/HC/perContig/HG001_N1/HG001_N1.chr10.g.vcf.gz
../../ngs_test_data/data/germlineVar/HC/perContig/HG001_N1/HG001_N1.chr11.g.vcf.gz
../../ngs_test_data/data/germlineVar/HC/perContig/HG001_N1/HG001_N1.chr12.g.vcf.gz
../../ngs_test_data/data/germlineVar/HC/perContig/HG001_N1/HG001_N1.chr13.g.vcf.gz
../../ngs_test_data/data/germlineVar/HC/perContig/HG001_N1/HG001_N1.chr14.g.vcf.gz
../../ngs_test_data/data/germlineVar/HC/perContig/HG001_N1/HG001_N1.chr15.g.vcf.gz
../../ngs_test_data/data/germlineVar/HC/perContig/HG001_N1/HG001_N1.chr16.g.vcf.gz
../../ngs_test_data/data/germlineVar/HC/perContig/HG001_N1/HG001_N1.chr17.g.vcf.gz
../../ngs_test_data/data/germlineVar/HC/perContig/HG001_N1/HG001_N1.chr18.g.vcf.gz
../../ngs_test_data/data/germlineVar/HC/perContig/HG001_N1/HG001_N1.chr19.g.vcf.gz
../../ngs_test_data/data/germlineVar/HC/perContig/HG001_N1/HG001_N1.chr20.g.vcf.gz
../../ngs_test_data/data/germlineVar/HC/perContig/HG001_N1/HG001_N1.chr21.g.vcf.gz
../../ngs_test_data/data/germlineVar/HC/perContig/HG001_N1/HG001_N1.chr22.g.vcf.gz
../../ngs_test_data/data/germlineVar/HC/perContig/HG001_N1/HG001_N1.chrX.g.vcf.gz
../../ngs_test_data/data/germlineVar/HC/perContig/HG001_N1/HG001_N1.chrY.g.vcf.gz
../../ngs_test_data/data/germlineVar/HC/perContig/HG001_N1/HG001_N1.chrM.g.vcf.gz
../../ngs_test_data/data/germlineVar/HC/jointCall/perContig/chr1.g.vcf.gz
../../ngs_test_data/data/germlineVar/HC/jointCall/perContig/chr2.g.vcf.gz
../../ngs_test_data/data/germlineVar/HC/jointCall/perContig/chr3.g.vcf.gz
../../ngs_test_data/data/germlineVar/HC/jointCall/perContig/chr4.g.vcf.gz
../../ngs_test_data/data/germlineVar/HC/jointCall/perContig/chr5.g.vcf.gz
../../ngs_test_data/data/germlineVar/HC/jointCall/perContig/chr6.g.vcf.gz
../../ngs_test_data/data/germlineVar/HC/jointCall/perContig/chr7.g.vcf.gz
../../ngs_test_data/data/germlineVar/HC/jointCall/perContig/chr8.g.vcf.gz
../../ngs_test_data/data/germlineVar/HC/jointCall/perContig/chr9.g.vcf.gz
../../ngs_test_data/data/germlineVar/HC/jointCall/perContig/chr10.g.vcf.gz
../../ngs_test_data/data/germlineVar/HC/jointCall/perContig/chr11.g.vcf.gz
../../ngs_test_data/data/germlineVar/HC/jointCall/perContig/chr12.g.vcf.gz
../../ngs_test_data/data/germlineVar/HC/jointCall/perContig/chr13.g.vcf.gz
../../ngs_test_data/data/germlineVar/HC/jointCall/perContig/chr14.g.vcf.gz
../../ngs_test_data/data/germlineVar/HC/jointCall/perContig/chr15.g.vcf.gz
../../ngs_test_data/data/germlineVar/HC/jointCall/perContig/chr16.g.vcf.gz
../../ngs_test_data/data/germlineVar/HC/jointCall/perContig/chr17.g.vcf.gz
../../ngs_test_data/data/germlineVar/HC/jointCall/perContig/chr18.g.vcf.gz
../../ngs_test_data/data/germlineVar/HC/jointCall/perContig/chr19.g.vcf.gz
../../ngs_test_data/data/germlineVar/HC/jointCall/perContig/chr20.g.vcf.gz
../../ngs_test_data/data/germlineVar/HC/jointCall/perContig/chr21.g.vcf.gz
../../ngs_test_data/data/germlineVar/HC/jointCall/perContig/chr22.g.vcf.gz
../../ngs_test_data/data/germlineVar/HC/jointCall/perContig/chrX.g.vcf.gz
../../ngs_test_data/data/germlineVar/HC/jointCall/perContig/chrY.g.vcf.gz
../../ngs_test_data/data/germlineVar/HC/jointCall/perContig/chrM.g.vcf.gz
../../ngs_test_data/data/genome/GRCh38/GRCh38_full_analysis_set_plus_decoy_hla.dict
